
Microsoft Visual Studio Solution File, Format Version 12.00
# Visual Studio Version 16
VisualStudioVersion = 16.0.30011.22
MinimumVisualStudioVersion = 10.0.40219.1
Project("{FAE04EC0-301F-11D3-BF4B-00C04F79EFBC}") = "上传代码生成器", "上传代码生成器.csproj", "{BCCAC814-D6D8-4317-B76D-ECAFA45179C9}"
EndProject
Global
	GlobalSection(SolutionConfigurationPlatforms) = preSolution
		Debug|Any CPU = Debug|Any CPU
		Release|Any CPU = Release|Any CPU
	EndGlobalSection
	GlobalSection(ProjectConfigurationPlatforms) = postSolution
		{BCCAC814-D6D8-4317-B76D-ECAFA45179C9}.Debug|Any CPU.ActiveCfg = Debug|Any CPU
		{BCCAC814-D6D8-4317-B76D-ECAFA45179C9}.Debug|Any CPU.Build.0 = Debug|Any CPU
		{BCCAC814-D6D8-4317-B76D-ECAFA45179C9}.Release|Any CPU.ActiveCfg = Release|Any CPU
		{BCCAC814-D6D8-4317-B76D-ECAFA45179C9}.Release|Any CPU.Build.0 = Release|Any CPU
	EndGlobalSection
	GlobalSection(SolutionProperties) = preSolution
		HideSolutionNode = FALSE
	EndGlobalSection
	GlobalSection(ExtensibilityGlobals) = postSolution
		SolutionGuid = {367631EA-4244-4A19-A6B9-33BCE0E151C7}
	EndGlobalSection
EndGlobal
